{
  "version": 4,
  "terraform_version": "1.5.7",
  "serial": 6,
  "lineage": "84a92cdb-a20c-fb00-09dc-576dc8d585fd",
  "outputs": {},
  "resources": [
    {
      "mode": "managed",
      "type": "azurerm_linux_web_app",
      "name": "this",
      "provider": "provider[\"registry.terraform.io/hashicorp/azurerm\"]",
      "instances": [
        {
          "schema_version": 0,
          "attributes": {
            "app_settings": {},
            "auth_settings": [],
            "auth_settings_v2": [],
            "backup": [],
            "client_affinity_enabled": false,
            "client_certificate_enabled": false,
            "client_certificate_exclusion_paths": "",
            "client_certificate_mode": "Required",
            "connection_string": [],
            "custom_domain_verification_id": "6D694EAFF8CEF9E64FA2D170DA9790CF0EFA307A9F9E006036F0F471DD3B3ED2",
            "default_hostname": "wa-udacity-devops-p2.azurewebsites.net",
            "enabled": true,
            "hosting_environment_id": "",
            "https_only": false,
            "id": "/subscriptions/46887d31-18dd-4dc7-922d-bfb4ebfa36f1/resourceGroups/rs-udacity-devops-p2/providers/Microsoft.Web/sites/wa-udacity-devops-p2",
            "identity": [],
            "key_vault_reference_identity_id": "SystemAssigned",
            "kind": "app,linux",
            "location": "eastus",
            "logs": [],
            "name": "wa-udacity-devops-p2",
            "outbound_ip_address_list": [
              "20.253.59.135",
              "20.253.59.138",
              "20.253.59.153",
              "20.253.59.167",
              "20.253.59.174",
              "20.241.204.160",
              "20.241.207.9",
              "20.241.207.112",
              "20.241.207.151",
              "20.253.56.13",
              "20.253.56.59",
              "20.253.56.94",
              "20.119.0.44"
            ],
            "outbound_ip_addresses": "20.253.59.135,20.253.59.138,20.253.59.153,20.253.59.167,20.253.59.174,20.241.204.160,20.241.207.9,20.241.207.112,20.241.207.151,20.253.56.13,20.253.56.59,20.253.56.94,20.119.0.44",
            "possible_outbound_ip_address_list": [
              "20.253.59.135",
              "20.253.59.138",
              "20.253.59.153",
              "20.253.59.167",
              "20.253.59.174",
              "20.241.204.160",
              "20.241.207.9",
              "20.241.207.112",
              "20.241.207.151",
              "20.253.56.13",
              "20.253.56.59",
              "20.253.56.94",
              "20.253.56.211",
              "20.253.58.140",
              "20.241.204.188",
              "20.253.58.241",
              "20.253.59.2",
              "20.253.59.46",
              "20.253.59.67",
              "20.253.59.71",
              "20.253.59.72",
              "20.253.59.124",
              "20.241.204.10",
              "20.241.205.5",
              "20.253.59.135",
              "20.253.59.138",
              "20.253.59.153",
              "20.253.59.167",
              "20.253.59.174",
              "20.241.204.160",
              "20.253.59.197",
              "20.253.59.210",
              "20.253.59.214",
              "20.253.59.221",
              "20.253.59.222",
              "20.253.60.7",
              "20.119.0.44"
            ],
            "possible_outbound_ip_addresses": "20.253.59.135,20.253.59.138,20.253.59.153,20.253.59.167,20.253.59.174,20.241.204.160,20.241.207.9,20.241.207.112,20.241.207.151,20.253.56.13,20.253.56.59,20.253.56.94,20.253.56.211,20.253.58.140,20.241.204.188,20.253.58.241,20.253.59.2,20.253.59.46,20.253.59.67,20.253.59.71,20.253.59.72,20.253.59.124,20.241.204.10,20.241.205.5,20.253.59.135,20.253.59.138,20.253.59.153,20.253.59.167,20.253.59.174,20.241.204.160,20.253.59.197,20.253.59.210,20.253.59.214,20.253.59.221,20.253.59.222,20.253.60.7,20.119.0.44",
            "public_network_access_enabled": true,
            "resource_group_name": "rs-udacity-devops-p2",
            "service_plan_id": "/subscriptions/46887d31-18dd-4dc7-922d-bfb4ebfa36f1/resourceGroups/rs-udacity-devops-p2/providers/Microsoft.Web/serverfarms/asp-udacity-devops-p2",
            "site_config": [
              {
                "always_on": false,
                "api_definition_url": "",
                "api_management_api_id": "",
                "app_command_line": "python app.py",
                "application_stack": [
                  {
                    "docker_image": "",
                    "docker_image_name": "",
                    "docker_image_tag": "",
                    "docker_registry_password": "",
                    "docker_registry_url": "",
                    "docker_registry_username": "",
                    "dotnet_version": "",
                    "go_version": "",
                    "java_server": "",
                    "java_server_version": "",
                    "java_version": "",
                    "node_version": "",
                    "php_version": "",
                    "python_version": "3.7",
                    "ruby_version": ""
                  }
                ],
                "auto_heal_enabled": false,
                "auto_heal_setting": [],
                "container_registry_managed_identity_client_id": "",
                "container_registry_use_managed_identity": false,
                "cors": [],
                "default_documents": [
                  "Default.htm",
                  "Default.html",
                  "Default.asp",
                  "index.htm",
                  "index.html",
                  "iisstart.htm",
                  "default.aspx",
                  "index.php",
                  "hostingstart.html"
                ],
                "detailed_error_logging_enabled": false,
                "ftps_state": "Disabled",
                "health_check_eviction_time_in_min": 0,
                "health_check_path": "",
                "http2_enabled": false,
                "ip_restriction": [],
                "linux_fx_version": "PYTHON|3.7",
                "load_balancing_mode": "LeastRequests",
                "local_mysql_enabled": false,
                "managed_pipeline_mode": "Integrated",
                "minimum_tls_version": "1.2",
                "remote_debugging_enabled": false,
                "remote_debugging_version": "VS2019",
                "scm_ip_restriction": [],
                "scm_minimum_tls_version": "1.2",
                "scm_type": "VSTSRM",
                "scm_use_main_ip_restriction": true,
                "use_32_bit_worker": true,
                "vnet_route_all_enabled": false,
                "websockets_enabled": false,
                "worker_count": 1
              }
            ],
            "site_credential": [
              {
                "name": "$wa-udacity-devops-p2",
                "password": "gmdSAFjxxDDMXhxp3fKAjjEWCrb6mEia5hpqXHlsTla9WqolHAGjGdvuRk93"
              }
            ],
            "sticky_settings": [],
            "storage_account": [],
            "tags": {},
            "timeouts": null,
            "virtual_network_subnet_id": "",
            "zip_deploy_file": ""
          },
          "sensitive_attributes": [],
          "private": "eyJlMmJmYjczMC1lY2FhLTExZTYtOGY4OC0zNDM2M2JjN2M0YzAiOnsiY3JlYXRlIjoxODAwMDAwMDAwMDAwLCJkZWxldGUiOjE4MDAwMDAwMDAwMDAsInJlYWQiOjMwMDAwMDAwMDAwMCwidXBkYXRlIjoxODAwMDAwMDAwMDAwfX0=",
          "dependencies": [
            "azurerm_resource_group.this",
            "azurerm_service_plan.this"
          ]
        }
      ]
    },
    {
      "mode": "managed",
      "type": "azurerm_resource_group",
      "name": "this",
      "provider": "provider[\"registry.terraform.io/hashicorp/azurerm\"]",
      "instances": [
        {
          "schema_version": 0,
          "attributes": {
            "id": "/subscriptions/46887d31-18dd-4dc7-922d-bfb4ebfa36f1/resourceGroups/rs-udacity-devops-p2",
            "location": "eastus",
            "managed_by": "",
            "name": "rs-udacity-devops-p2",
            "tags": {},
            "timeouts": null
          },
          "sensitive_attributes": [],
          "private": "eyJlMmJmYjczMC1lY2FhLTExZTYtOGY4OC0zNDM2M2JjN2M0YzAiOnsiY3JlYXRlIjo1NDAwMDAwMDAwMDAwLCJkZWxldGUiOjU0MDAwMDAwMDAwMDAsInJlYWQiOjMwMDAwMDAwMDAwMCwidXBkYXRlIjo1NDAwMDAwMDAwMDAwfX0="
        }
      ]
    },
    {
      "mode": "managed",
      "type": "azurerm_service_plan",
      "name": "this",
      "provider": "provider[\"registry.terraform.io/hashicorp/azurerm\"]",
      "instances": [
        {
          "schema_version": 0,
          "attributes": {
            "app_service_environment_id": "",
            "id": "/subscriptions/46887d31-18dd-4dc7-922d-bfb4ebfa36f1/resourceGroups/rs-udacity-devops-p2/providers/Microsoft.Web/serverfarms/asp-udacity-devops-p2",
            "kind": "linux",
            "location": "eastus",
            "maximum_elastic_worker_count": 1,
            "name": "asp-udacity-devops-p2",
            "os_type": "Linux",
            "per_site_scaling_enabled": false,
            "reserved": true,
            "resource_group_name": "rs-udacity-devops-p2",
            "sku_name": "F1",
            "tags": {},
            "timeouts": null,
            "worker_count": 1,
            "zone_balancing_enabled": false
          },
          "sensitive_attributes": [],
          "private": "eyJlMmJmYjczMC1lY2FhLTExZTYtOGY4OC0zNDM2M2JjN2M0YzAiOnsiY3JlYXRlIjozNjAwMDAwMDAwMDAwLCJkZWxldGUiOjM2MDAwMDAwMDAwMDAsInJlYWQiOjMwMDAwMDAwMDAwMCwidXBkYXRlIjozNjAwMDAwMDAwMDAwfX0=",
          "dependencies": [
            "azurerm_resource_group.this"
          ]
        }
      ]
    }
  ],
  "check_results": null
}
